
Microsoft Visual Studio Solution File, Format Version 12.00
# Visual Studio 2012
Project("{FAE04EC0-301F-11D3-BF4B-00C04F79EFBC}") = "ASync", "ASync\ASync.csproj", "{B4B0BE0C-CD94-4AAD-83F4-0AF0C0251F90}"
EndProject
Project("{FAE04EC0-301F-11D3-BF4B-00C04F79EFBC}") = "AsyncTest", "AsyncTest\AsyncTest.csproj", "{ED9444DF-F429-4821-915D-E7C44AA450B4}"
EndProject
Project("{FAE04EC0-301F-11D3-BF4B-00C04F79EFBC}") = "DatasetGen", "DatasetGen\DatasetGen.csproj", "{BA278F24-C270-4631-A4E9-247AD2978111}"
EndProject
Project("{FAE04EC0-301F-11D3-BF4B-00C04F79EFBC}") = "ASyncWP", "ASyncWP\ASyncWP.csproj", "{8F3527B0-BCA8-4F71-ACB9-053992DAAF06}"
EndProject
Project("{FAE04EC0-301F-11D3-BF4B-00C04F79EFBC}") = "ASyncLib", "ASyncLib\ASyncLib.csproj", "{B7D2480C-E162-426F-B276-0B1B6DBCEF08}"
EndProject
Global
	GlobalSection(SolutionConfigurationPlatforms) = preSolution
		Debug|Mixed = Debug|Mixed
		Release|Mixed = Release|Mixed
	EndGlobalSection
	GlobalSection(ProjectConfigurationPlatforms) = postSolution
		{B4B0BE0C-CD94-4AAD-83F4-0AF0C0251F90}.Debug|Mixed.ActiveCfg = Debug|x64
		{B4B0BE0C-CD94-4AAD-83F4-0AF0C0251F90}.Debug|Mixed.Build.0 = Debug|x64
		{B4B0BE0C-CD94-4AAD-83F4-0AF0C0251F90}.Release|Mixed.ActiveCfg = Release|x64
		{B4B0BE0C-CD94-4AAD-83F4-0AF0C0251F90}.Release|Mixed.Build.0 = Release|x64
		{ED9444DF-F429-4821-915D-E7C44AA450B4}.Debug|Mixed.ActiveCfg = Debug|x64
		{ED9444DF-F429-4821-915D-E7C44AA450B4}.Debug|Mixed.Build.0 = Debug|x64
		{ED9444DF-F429-4821-915D-E7C44AA450B4}.Release|Mixed.ActiveCfg = Release|x64
		{ED9444DF-F429-4821-915D-E7C44AA450B4}.Release|Mixed.Build.0 = Release|x64
		{BA278F24-C270-4631-A4E9-247AD2978111}.Debug|Mixed.ActiveCfg = Debug|x64
		{BA278F24-C270-4631-A4E9-247AD2978111}.Debug|Mixed.Build.0 = Debug|x64
		{BA278F24-C270-4631-A4E9-247AD2978111}.Release|Mixed.ActiveCfg = Release|x64
		{BA278F24-C270-4631-A4E9-247AD2978111}.Release|Mixed.Build.0 = Release|x64
		{8F3527B0-BCA8-4F71-ACB9-053992DAAF06}.Debug|Mixed.ActiveCfg = Debug|Any CPU
		{8F3527B0-BCA8-4F71-ACB9-053992DAAF06}.Debug|Mixed.Build.0 = Debug|Any CPU
		{8F3527B0-BCA8-4F71-ACB9-053992DAAF06}.Debug|Mixed.Deploy.0 = Debug|Any CPU
		{8F3527B0-BCA8-4F71-ACB9-053992DAAF06}.Release|Mixed.ActiveCfg = Release|ARM
		{8F3527B0-BCA8-4F71-ACB9-053992DAAF06}.Release|Mixed.Build.0 = Release|ARM
		{8F3527B0-BCA8-4F71-ACB9-053992DAAF06}.Release|Mixed.Deploy.0 = Release|ARM
		{B7D2480C-E162-426F-B276-0B1B6DBCEF08}.Debug|Mixed.ActiveCfg = Debug|Any CPU
		{B7D2480C-E162-426F-B276-0B1B6DBCEF08}.Debug|Mixed.Build.0 = Debug|Any CPU
		{B7D2480C-E162-426F-B276-0B1B6DBCEF08}.Release|Mixed.ActiveCfg = Release|x64
		{B7D2480C-E162-426F-B276-0B1B6DBCEF08}.Release|Mixed.Build.0 = Release|x64
	EndGlobalSection
	GlobalSection(SolutionProperties) = preSolution
		HideSolutionNode = FALSE
	EndGlobalSection
EndGlobal
