
Microsoft Visual Studio Solution File, Format Version 12.00
# Visual Studio 2012
Project("{FAE04EC0-301F-11D3-BF4B-00C04F79EFBC}") = "AsyncTest", "AsyncTest\AsyncTest.csproj", "{ED9444DF-F429-4821-915D-E7C44AA450B4}"
EndProject
Project("{FAE04EC0-301F-11D3-BF4B-00C04F79EFBC}") = "ASyncLib", "ASyncLib\ASyncLib.csproj", "{B7D2480C-E162-426F-B276-0B1B6DBCEF08}"
EndProject
Project("{FAE04EC0-301F-11D3-BF4B-00C04F79EFBC}") = "ASyncAndroid", "ASyncAndroid\ASyncAndroid.csproj", "{1F629643-1667-4F92-B61F-2C4B1A1121CF}"
EndProject
Project("{FAE04EC0-301F-11D3-BF4B-00C04F79EFBC}") = "ASyncWindows", "ASyncWindows\ASyncWindows.csproj", "{018CB956-F081-48E6-A0B8-ACA1B5736EC9}"
EndProject
Global
	GlobalSection(SolutionConfigurationPlatforms) = preSolution
		Debug|Any CPU = Debug|Any CPU
		Debug|Mixed = Debug|Mixed
		Debug|Mixed Platforms = Debug|Mixed Platforms
		Release|Any CPU = Release|Any CPU
		Release|Mixed = Release|Mixed
		Release|Mixed Platforms = Release|Mixed Platforms
	EndGlobalSection
	GlobalSection(ProjectConfigurationPlatforms) = postSolution
		{ED9444DF-F429-4821-915D-E7C44AA450B4}.Debug|Any CPU.ActiveCfg = Debug|Any CPU
		{ED9444DF-F429-4821-915D-E7C44AA450B4}.Debug|Any CPU.Build.0 = Debug|Any CPU
		{ED9444DF-F429-4821-915D-E7C44AA450B4}.Debug|Mixed.ActiveCfg = Debug|x64
		{ED9444DF-F429-4821-915D-E7C44AA450B4}.Debug|Mixed.Build.0 = Debug|x64
		{ED9444DF-F429-4821-915D-E7C44AA450B4}.Debug|Mixed Platforms.ActiveCfg = Debug|Any CPU
		{ED9444DF-F429-4821-915D-E7C44AA450B4}.Debug|Mixed Platforms.Build.0 = Debug|Any CPU
		{ED9444DF-F429-4821-915D-E7C44AA450B4}.Release|Any CPU.ActiveCfg = Release|Any CPU
		{ED9444DF-F429-4821-915D-E7C44AA450B4}.Release|Any CPU.Build.0 = Release|Any CPU
		{ED9444DF-F429-4821-915D-E7C44AA450B4}.Release|Mixed.ActiveCfg = Release|x64
		{ED9444DF-F429-4821-915D-E7C44AA450B4}.Release|Mixed.Build.0 = Release|x64
		{ED9444DF-F429-4821-915D-E7C44AA450B4}.Release|Mixed Platforms.ActiveCfg = Release|Any CPU
		{ED9444DF-F429-4821-915D-E7C44AA450B4}.Release|Mixed Platforms.Build.0 = Release|Any CPU
		{B7D2480C-E162-426F-B276-0B1B6DBCEF08}.Debug|Any CPU.ActiveCfg = Debug|Any CPU
		{B7D2480C-E162-426F-B276-0B1B6DBCEF08}.Debug|Any CPU.Build.0 = Debug|Any CPU
		{B7D2480C-E162-426F-B276-0B1B6DBCEF08}.Debug|Mixed.ActiveCfg = Debug|Any CPU
		{B7D2480C-E162-426F-B276-0B1B6DBCEF08}.Debug|Mixed.Build.0 = Debug|Any CPU
		{B7D2480C-E162-426F-B276-0B1B6DBCEF08}.Debug|Mixed Platforms.ActiveCfg = Debug|Any CPU
		{B7D2480C-E162-426F-B276-0B1B6DBCEF08}.Debug|Mixed Platforms.Build.0 = Debug|Any CPU
		{B7D2480C-E162-426F-B276-0B1B6DBCEF08}.Release|Any CPU.ActiveCfg = Release|Any CPU
		{B7D2480C-E162-426F-B276-0B1B6DBCEF08}.Release|Any CPU.Build.0 = Release|Any CPU
		{B7D2480C-E162-426F-B276-0B1B6DBCEF08}.Release|Mixed.ActiveCfg = Release|x64
		{B7D2480C-E162-426F-B276-0B1B6DBCEF08}.Release|Mixed.Build.0 = Release|x64
		{B7D2480C-E162-426F-B276-0B1B6DBCEF08}.Release|Mixed Platforms.ActiveCfg = Release|Any CPU
		{B7D2480C-E162-426F-B276-0B1B6DBCEF08}.Release|Mixed Platforms.Build.0 = Release|Any CPU
		{1F629643-1667-4F92-B61F-2C4B1A1121CF}.Debug|Any CPU.ActiveCfg = Debug|Any CPU
		{1F629643-1667-4F92-B61F-2C4B1A1121CF}.Debug|Any CPU.Build.0 = Debug|Any CPU
		{1F629643-1667-4F92-B61F-2C4B1A1121CF}.Debug|Any CPU.Deploy.0 = Debug|Any CPU
		{1F629643-1667-4F92-B61F-2C4B1A1121CF}.Debug|Mixed.ActiveCfg = Debug|Any CPU
		{1F629643-1667-4F92-B61F-2C4B1A1121CF}.Debug|Mixed.Build.0 = Debug|Any CPU
		{1F629643-1667-4F92-B61F-2C4B1A1121CF}.Debug|Mixed Platforms.ActiveCfg = Debug|Any CPU
		{1F629643-1667-4F92-B61F-2C4B1A1121CF}.Debug|Mixed Platforms.Build.0 = Debug|Any CPU
		{1F629643-1667-4F92-B61F-2C4B1A1121CF}.Debug|Mixed Platforms.Deploy.0 = Debug|Any CPU
		{1F629643-1667-4F92-B61F-2C4B1A1121CF}.Release|Any CPU.ActiveCfg = Release|Any CPU
		{1F629643-1667-4F92-B61F-2C4B1A1121CF}.Release|Any CPU.Build.0 = Release|Any CPU
		{1F629643-1667-4F92-B61F-2C4B1A1121CF}.Release|Any CPU.Deploy.0 = Release|Any CPU
		{1F629643-1667-4F92-B61F-2C4B1A1121CF}.Release|Mixed.ActiveCfg = Release|Any CPU
		{1F629643-1667-4F92-B61F-2C4B1A1121CF}.Release|Mixed.Build.0 = Release|Any CPU
		{1F629643-1667-4F92-B61F-2C4B1A1121CF}.Release|Mixed Platforms.ActiveCfg = Release|Any CPU
		{1F629643-1667-4F92-B61F-2C4B1A1121CF}.Release|Mixed Platforms.Build.0 = Release|Any CPU
		{1F629643-1667-4F92-B61F-2C4B1A1121CF}.Release|Mixed Platforms.Deploy.0 = Release|Any CPU
		{018CB956-F081-48E6-A0B8-ACA1B5736EC9}.Debug|Any CPU.ActiveCfg = Debug|Any CPU
		{018CB956-F081-48E6-A0B8-ACA1B5736EC9}.Debug|Any CPU.Build.0 = Debug|Any CPU
		{018CB956-F081-48E6-A0B8-ACA1B5736EC9}.Debug|Mixed.ActiveCfg = Debug|Any CPU
		{018CB956-F081-48E6-A0B8-ACA1B5736EC9}.Debug|Mixed Platforms.ActiveCfg = Debug|Any CPU
		{018CB956-F081-48E6-A0B8-ACA1B5736EC9}.Debug|Mixed Platforms.Build.0 = Debug|Any CPU
		{018CB956-F081-48E6-A0B8-ACA1B5736EC9}.Release|Any CPU.ActiveCfg = Release|Any CPU
		{018CB956-F081-48E6-A0B8-ACA1B5736EC9}.Release|Any CPU.Build.0 = Release|Any CPU
		{018CB956-F081-48E6-A0B8-ACA1B5736EC9}.Release|Mixed.ActiveCfg = Release|Any CPU
		{018CB956-F081-48E6-A0B8-ACA1B5736EC9}.Release|Mixed Platforms.ActiveCfg = Release|Any CPU
		{018CB956-F081-48E6-A0B8-ACA1B5736EC9}.Release|Mixed Platforms.Build.0 = Release|Any CPU
	EndGlobalSection
	GlobalSection(SolutionProperties) = preSolution
		HideSolutionNode = FALSE
	EndGlobalSection
	GlobalSection(MonoDevelopProperties) = preSolution
		StartupItem = ASyncAndroid\ASyncAndroid.csproj
	EndGlobalSection
EndGlobal
